
Microsoft Visual Studio Solution File, Format Version 12.00
# Visual Studio Version 17
VisualStudioVersion = 17.3.32901.215
MinimumVisualStudioVersion = 10.0.40219.1
Project("{FAE04EC0-301F-11D3-BF4B-00C04F79EFBC}") = "Lab78910", "Lab78910.csproj", "{561A4F87-44D8-41B4-B945-147B7194D61D}"
EndProject
Global
	GlobalSection(SolutionConfigurationPlatforms) = preSolution
		Debug|Any CPU = Debug|Any CPU
		Release|Any CPU = Release|Any CPU
	EndGlobalSection
	GlobalSection(ProjectConfigurationPlatforms) = postSolution
		{561A4F87-44D8-41B4-B945-147B7194D61D}.Debug|Any CPU.ActiveCfg = Debug|Any CPU
		{561A4F87-44D8-41B4-B945-147B7194D61D}.Debug|Any CPU.Build.0 = Debug|Any CPU
		{561A4F87-44D8-41B4-B945-147B7194D61D}.Release|Any CPU.ActiveCfg = Release|Any CPU
		{561A4F87-44D8-41B4-B945-147B7194D61D}.Release|Any CPU.Build.0 = Release|Any CPU
	EndGlobalSection
	GlobalSection(SolutionProperties) = preSolution
		HideSolutionNode = FALSE
	EndGlobalSection
	GlobalSection(ExtensibilityGlobals) = postSolution
		SolutionGuid = {C49B2A34-4364-4F6E-A818-2A14C563D00E}
	EndGlobalSection
EndGlobal
